# THIS IS AN AUTOGENERATED FILE. DO NOT EDIT THIS FILE DIRECTLY.
# yarn lockfile v1


jalaali-js@^1.1.0:
  version "1.1.0"
  resolved "https://registry.yarnpkg.com/jalaali-js/-/jalaali-js-1.1.0.tgz#f0e942049273d11f7298a992356fc36ce2784863"
  integrity sha512-eznOFGRtHb0ttHkHf8pVYPVfKJdbOqutTwcQYACbv91Q2NiYgnM5Z6+NN/8FMAhuMDAXAmeAG9+UBzqVKdA4cg==

react-modern-calendar-datepicker@^3.1.6:
  version "3.1.6"
  resolved "https://registry.yarnpkg.com/react-modern-calendar-datepicker/-/react-modern-calendar-datepicker-3.1.6.tgz#46b1533eb387a4d93ae8217eb30c26a4174a138f"
  integrity sha512-lnMqEMj9Wn32/sm119tjCl5lOkq4u9vJE7wggi7hdXV4s8rPdKlH56FVVehlBi0dfYeWQVZ9npY384Zprjn4WA==
  dependencies:
    jalaali-js "^1.1.0"
